{
  "meteor": {},
  "dependencies": {
    "basePackages": {
      "iron-router": {
        "version": "0.7.0"
      },
      "collection-behaviours": {
        "version": "0.1.3"
      },
      "github-api": {
        "version": "0.1.11"
      },
      "fast-render": {
        "version": "0.1.26"
      },
      "highlightjs": {
        "path": "../meteor-highlightjs"
      }
    },
    "packages": {
      "iron-router": {
        "git": "https://github.com/EventedMind/iron-router.git",
        "tag": "v0.7.0",
        "commit": "05f34bc48c4cad9fdaa366c1ddcabe6980232ece"
      },
      "collection-behaviours": {
        "git": "https://github.com/Sewdn/meteor-collection-behaviours.git",
        "tag": "v0.1.3",
        "commit": "c32b033ba327e3ab55b7124428285e3479356126"
      },
      "github-api": {
        "git": "https://github.com/ndhoule/meteor-github-api.git",
        "tag": "v0.1.11",
        "commit": "3f72e744cdf4aca0e77cc39022ed6f3b53200734"
      },
      "fast-render": {
        "git": "https://github.com/arunoda/meteor-fast-render.git",
        "tag": "v0.1.26",
        "commit": "bfabe15c5acfbdec7c3a815b956bb49c41421ab2"
      },
      "highlightjs": {
        "path": "../meteor-highlightjs"
      },
      "blaze-layout": {
        "git": "https://github.com/EventedMind/blaze-layout.git",
        "tag": "v0.2.2",
        "commit": "8bc53798fe5965669ae67c72f91829fcfdceabfd"
      },
      "collection-hooks": {
        "git": "https://github.com/matb33/meteor-collection-hooks.git",
        "tag": "v0.5.4",
        "commit": "7f286358af49ffc1a63e97354f2f306a911bacc0"
      }
    }
  }
}
